
Microsoft Visual Studio Solution File, Format Version 12.00
# Visual Studio Version 16
VisualStudioVersion = 16.0.31424.327
MinimumVisualStudioVersion = 10.0.40219.1
Project("{2150E333-8FDC-42A3-9474-1A3956D46DE8}") = "Services", "Services", "{5A03350D-59FA-4385-BD58-C5D0F43F71C8}"
EndProject
Project("{2150E333-8FDC-42A3-9474-1A3956D46DE8}") = "Catalog", "Catalog", "{5BEFC347-6BE3-4194-BCA4-D2FE1A1A0D8B}"
EndProject
Project("{FAE04EC0-301F-11D3-BF4B-00C04F79EFBC}") = "Catalog.API", "Services\Catalog\Catalog.API\Catalog.API.csproj", "{0F688380-D1EE-4B67-91DE-2BB2BE402ABE}"
EndProject
Global
	GlobalSection(SolutionConfigurationPlatforms) = preSolution
		Debug|Any CPU = Debug|Any CPU
		Release|Any CPU = Release|Any CPU
	EndGlobalSection
	GlobalSection(ProjectConfigurationPlatforms) = postSolution
		{0F688380-D1EE-4B67-91DE-2BB2BE402ABE}.Debug|Any CPU.ActiveCfg = Debug|Any CPU
		{0F688380-D1EE-4B67-91DE-2BB2BE402ABE}.Debug|Any CPU.Build.0 = Debug|Any CPU
		{0F688380-D1EE-4B67-91DE-2BB2BE402ABE}.Release|Any CPU.ActiveCfg = Release|Any CPU
		{0F688380-D1EE-4B67-91DE-2BB2BE402ABE}.Release|Any CPU.Build.0 = Release|Any CPU
	EndGlobalSection
	GlobalSection(SolutionProperties) = preSolution
		HideSolutionNode = FALSE
	EndGlobalSection
	GlobalSection(NestedProjects) = preSolution
		{5BEFC347-6BE3-4194-BCA4-D2FE1A1A0D8B} = {5A03350D-59FA-4385-BD58-C5D0F43F71C8}
		{0F688380-D1EE-4B67-91DE-2BB2BE402ABE} = {5BEFC347-6BE3-4194-BCA4-D2FE1A1A0D8B}
	EndGlobalSection
	GlobalSection(ExtensibilityGlobals) = postSolution
		SolutionGuid = {F2C8536C-5E35-447E-8A4C-A3A7A4E37820}
	EndGlobalSection
EndGlobal
