
Microsoft Visual Studio Solution File, Format Version 12.00
# Visual Studio Version 16
VisualStudioVersion = 16.0.31424.327
MinimumVisualStudioVersion = 10.0.40219.1
Project("{2150E333-8FDC-42A3-9474-1A3956D46DE8}") = "Services", "Services", "{5A03350D-59FA-4385-BD58-C5D0F43F71C8}"
EndProject
Project("{2150E333-8FDC-42A3-9474-1A3956D46DE8}") = "Catalog", "Catalog", "{5BEFC347-6BE3-4194-BCA4-D2FE1A1A0D8B}"
EndProject
Project("{9A19103F-16F7-4668-BE54-9A1E7A4F7556}") = "Catalog.API", "Services\Catalog\Catalog.API\Catalog.API.csproj", "{0F688380-D1EE-4B67-91DE-2BB2BE402ABE}"
EndProject
Project("{2150E333-8FDC-42A3-9474-1A3956D46DE8}") = "Basket", "Basket", "{C81CCF04-4A98-40DA-AC35-4BF62E8081D0}"
EndProject
Project("{9A19103F-16F7-4668-BE54-9A1E7A4F7556}") = "Basket.API", "Services\Basket\Basket.API\Basket.API.csproj", "{D72C6E4B-2F82-43AA-A3BB-2E1CA371FDA5}"
EndProject
Project("{E53339B2-1760-4266-BCC7-CA923CBCF16C}") = "docker-compose", "docker-compose.dcproj", "{D095062F-05BD-4C7F-88CE-A22A0E6C99EE}"
EndProject
Project("{2150E333-8FDC-42A3-9474-1A3956D46DE8}") = "Discount", "Discount", "{8BD6C845-3F23-4310-9382-623CA215968D}"
EndProject
Project("{9A19103F-16F7-4668-BE54-9A1E7A4F7556}") = "Discount.API", "Services\Discount\Discount.API\Discount.API.csproj", "{87EF8C42-68E6-4E8E-A4AD-FB9E4773090E}"
EndProject
Project("{9A19103F-16F7-4668-BE54-9A1E7A4F7556}") = "Discount.Grpc", "Services\Discount\Discount.Grpc\Discount.Grpc.csproj", "{DDB13600-00A2-4244-8269-8392CD7C876B}"
EndProject
Project("{2150E333-8FDC-42A3-9474-1A3956D46DE8}") = "Ordering", "Ordering", "{16315239-9775-4A78-AD68-03261C093923}"
EndProject
Project("{9A19103F-16F7-4668-BE54-9A1E7A4F7556}") = "Ordering.API", "Services\Ordering\Ordering.API\Ordering.API.csproj", "{6A61974B-9A6C-4060-A5C6-7FE8810AA36C}"
EndProject
Project("{9A19103F-16F7-4668-BE54-9A1E7A4F7556}") = "Ordering.Domain", "Services\Ordering\Ordering.Domain\Ordering.Domain.csproj", "{819FD24B-1787-4EE9-91DE-3765318DA53A}"
EndProject
Project("{9A19103F-16F7-4668-BE54-9A1E7A4F7556}") = "Ordering.Application", "Services\Ordering\Ordering.Application\Ordering.Application.csproj", "{5AA46F55-29F7-4ED2-8C6C-99B3612C4933}"
EndProject
Project("{9A19103F-16F7-4668-BE54-9A1E7A4F7556}") = "Ordering.Infrastructure", "Services\Ordering\Ordering.Infrastructure\Ordering.Infrastructure.csproj", "{CE68B91D-9CB4-4BE2-98A6-3FCABD2B64CA}"
EndProject
Project("{2150E333-8FDC-42A3-9474-1A3956D46DE8}") = "BuildingBlocks", "BuildingBlocks", "{A2DC7C91-26E1-4686-96DF-DAD98FA0D7D1}"
EndProject
Project("{9A19103F-16F7-4668-BE54-9A1E7A4F7556}") = "EventBus.Messages", "BuildingBlocks\EventBus.Messages\EventBus.Messages.csproj", "{87EA228B-3F4A-4992-A43F-5E9775F4FADB}"
EndProject
Project("{2150E333-8FDC-42A3-9474-1A3956D46DE8}") = "ApiGateways", "ApiGateways", "{ADE624A8-5B1C-47FE-9076-3EE9DA79B079}"
EndProject
Project("{FAE04EC0-301F-11D3-BF4B-00C04F79EFBC}") = "OcelotApiGw", "ApiGateways\OcelotApiGw\OcelotApiGw.csproj", "{5244199E-F391-4232-AF7E-36CB8FD28168}"
EndProject
Project("{FAE04EC0-301F-11D3-BF4B-00C04F79EFBC}") = "Shopping.Aggregator", "ApiGateways\Shopping.Aggregator\Shopping.Aggregator.csproj", "{B0462FB1-086A-4FAD-986A-CBEAD7D89EAA}"
EndProject
Global
	GlobalSection(SolutionConfigurationPlatforms) = preSolution
		Debug|Any CPU = Debug|Any CPU
		Release|Any CPU = Release|Any CPU
	EndGlobalSection
	GlobalSection(ProjectConfigurationPlatforms) = postSolution
		{0F688380-D1EE-4B67-91DE-2BB2BE402ABE}.Debug|Any CPU.ActiveCfg = Debug|Any CPU
		{0F688380-D1EE-4B67-91DE-2BB2BE402ABE}.Debug|Any CPU.Build.0 = Debug|Any CPU
		{0F688380-D1EE-4B67-91DE-2BB2BE402ABE}.Release|Any CPU.ActiveCfg = Release|Any CPU
		{0F688380-D1EE-4B67-91DE-2BB2BE402ABE}.Release|Any CPU.Build.0 = Release|Any CPU
		{D72C6E4B-2F82-43AA-A3BB-2E1CA371FDA5}.Debug|Any CPU.ActiveCfg = Debug|Any CPU
		{D72C6E4B-2F82-43AA-A3BB-2E1CA371FDA5}.Debug|Any CPU.Build.0 = Debug|Any CPU
		{D72C6E4B-2F82-43AA-A3BB-2E1CA371FDA5}.Release|Any CPU.ActiveCfg = Release|Any CPU
		{D72C6E4B-2F82-43AA-A3BB-2E1CA371FDA5}.Release|Any CPU.Build.0 = Release|Any CPU
		{D095062F-05BD-4C7F-88CE-A22A0E6C99EE}.Debug|Any CPU.ActiveCfg = Debug|Any CPU
		{D095062F-05BD-4C7F-88CE-A22A0E6C99EE}.Debug|Any CPU.Build.0 = Debug|Any CPU
		{D095062F-05BD-4C7F-88CE-A22A0E6C99EE}.Release|Any CPU.ActiveCfg = Release|Any CPU
		{D095062F-05BD-4C7F-88CE-A22A0E6C99EE}.Release|Any CPU.Build.0 = Release|Any CPU
		{87EF8C42-68E6-4E8E-A4AD-FB9E4773090E}.Debug|Any CPU.ActiveCfg = Debug|Any CPU
		{87EF8C42-68E6-4E8E-A4AD-FB9E4773090E}.Debug|Any CPU.Build.0 = Debug|Any CPU
		{87EF8C42-68E6-4E8E-A4AD-FB9E4773090E}.Release|Any CPU.ActiveCfg = Release|Any CPU
		{87EF8C42-68E6-4E8E-A4AD-FB9E4773090E}.Release|Any CPU.Build.0 = Release|Any CPU
		{DDB13600-00A2-4244-8269-8392CD7C876B}.Debug|Any CPU.ActiveCfg = Debug|Any CPU
		{DDB13600-00A2-4244-8269-8392CD7C876B}.Debug|Any CPU.Build.0 = Debug|Any CPU
		{DDB13600-00A2-4244-8269-8392CD7C876B}.Release|Any CPU.ActiveCfg = Release|Any CPU
		{DDB13600-00A2-4244-8269-8392CD7C876B}.Release|Any CPU.Build.0 = Release|Any CPU
		{6A61974B-9A6C-4060-A5C6-7FE8810AA36C}.Debug|Any CPU.ActiveCfg = Debug|Any CPU
		{6A61974B-9A6C-4060-A5C6-7FE8810AA36C}.Debug|Any CPU.Build.0 = Debug|Any CPU
		{6A61974B-9A6C-4060-A5C6-7FE8810AA36C}.Release|Any CPU.ActiveCfg = Release|Any CPU
		{6A61974B-9A6C-4060-A5C6-7FE8810AA36C}.Release|Any CPU.Build.0 = Release|Any CPU
		{819FD24B-1787-4EE9-91DE-3765318DA53A}.Debug|Any CPU.ActiveCfg = Debug|Any CPU
		{819FD24B-1787-4EE9-91DE-3765318DA53A}.Debug|Any CPU.Build.0 = Debug|Any CPU
		{819FD24B-1787-4EE9-91DE-3765318DA53A}.Release|Any CPU.ActiveCfg = Release|Any CPU
		{819FD24B-1787-4EE9-91DE-3765318DA53A}.Release|Any CPU.Build.0 = Release|Any CPU
		{5AA46F55-29F7-4ED2-8C6C-99B3612C4933}.Debug|Any CPU.ActiveCfg = Debug|Any CPU
		{5AA46F55-29F7-4ED2-8C6C-99B3612C4933}.Debug|Any CPU.Build.0 = Debug|Any CPU
		{5AA46F55-29F7-4ED2-8C6C-99B3612C4933}.Release|Any CPU.ActiveCfg = Release|Any CPU
		{5AA46F55-29F7-4ED2-8C6C-99B3612C4933}.Release|Any CPU.Build.0 = Release|Any CPU
		{CE68B91D-9CB4-4BE2-98A6-3FCABD2B64CA}.Debug|Any CPU.ActiveCfg = Debug|Any CPU
		{CE68B91D-9CB4-4BE2-98A6-3FCABD2B64CA}.Debug|Any CPU.Build.0 = Debug|Any CPU
		{CE68B91D-9CB4-4BE2-98A6-3FCABD2B64CA}.Release|Any CPU.ActiveCfg = Release|Any CPU
		{CE68B91D-9CB4-4BE2-98A6-3FCABD2B64CA}.Release|Any CPU.Build.0 = Release|Any CPU
		{87EA228B-3F4A-4992-A43F-5E9775F4FADB}.Debug|Any CPU.ActiveCfg = Debug|Any CPU
		{87EA228B-3F4A-4992-A43F-5E9775F4FADB}.Debug|Any CPU.Build.0 = Debug|Any CPU
		{87EA228B-3F4A-4992-A43F-5E9775F4FADB}.Release|Any CPU.ActiveCfg = Release|Any CPU
		{87EA228B-3F4A-4992-A43F-5E9775F4FADB}.Release|Any CPU.Build.0 = Release|Any CPU
		{5244199E-F391-4232-AF7E-36CB8FD28168}.Debug|Any CPU.ActiveCfg = Debug|Any CPU
		{5244199E-F391-4232-AF7E-36CB8FD28168}.Debug|Any CPU.Build.0 = Debug|Any CPU
		{5244199E-F391-4232-AF7E-36CB8FD28168}.Release|Any CPU.ActiveCfg = Release|Any CPU
		{5244199E-F391-4232-AF7E-36CB8FD28168}.Release|Any CPU.Build.0 = Release|Any CPU
		{B0462FB1-086A-4FAD-986A-CBEAD7D89EAA}.Debug|Any CPU.ActiveCfg = Debug|Any CPU
		{B0462FB1-086A-4FAD-986A-CBEAD7D89EAA}.Debug|Any CPU.Build.0 = Debug|Any CPU
		{B0462FB1-086A-4FAD-986A-CBEAD7D89EAA}.Release|Any CPU.ActiveCfg = Release|Any CPU
		{B0462FB1-086A-4FAD-986A-CBEAD7D89EAA}.Release|Any CPU.Build.0 = Release|Any CPU
	EndGlobalSection
	GlobalSection(SolutionProperties) = preSolution
		HideSolutionNode = FALSE
	EndGlobalSection
	GlobalSection(NestedProjects) = preSolution
		{5BEFC347-6BE3-4194-BCA4-D2FE1A1A0D8B} = {5A03350D-59FA-4385-BD58-C5D0F43F71C8}
		{0F688380-D1EE-4B67-91DE-2BB2BE402ABE} = {5BEFC347-6BE3-4194-BCA4-D2FE1A1A0D8B}
		{C81CCF04-4A98-40DA-AC35-4BF62E8081D0} = {5A03350D-59FA-4385-BD58-C5D0F43F71C8}
		{D72C6E4B-2F82-43AA-A3BB-2E1CA371FDA5} = {C81CCF04-4A98-40DA-AC35-4BF62E8081D0}
		{8BD6C845-3F23-4310-9382-623CA215968D} = {5A03350D-59FA-4385-BD58-C5D0F43F71C8}
		{87EF8C42-68E6-4E8E-A4AD-FB9E4773090E} = {8BD6C845-3F23-4310-9382-623CA215968D}
		{DDB13600-00A2-4244-8269-8392CD7C876B} = {8BD6C845-3F23-4310-9382-623CA215968D}
		{16315239-9775-4A78-AD68-03261C093923} = {5A03350D-59FA-4385-BD58-C5D0F43F71C8}
		{6A61974B-9A6C-4060-A5C6-7FE8810AA36C} = {16315239-9775-4A78-AD68-03261C093923}
		{819FD24B-1787-4EE9-91DE-3765318DA53A} = {16315239-9775-4A78-AD68-03261C093923}
		{5AA46F55-29F7-4ED2-8C6C-99B3612C4933} = {16315239-9775-4A78-AD68-03261C093923}
		{CE68B91D-9CB4-4BE2-98A6-3FCABD2B64CA} = {16315239-9775-4A78-AD68-03261C093923}
		{87EA228B-3F4A-4992-A43F-5E9775F4FADB} = {A2DC7C91-26E1-4686-96DF-DAD98FA0D7D1}
		{5244199E-F391-4232-AF7E-36CB8FD28168} = {ADE624A8-5B1C-47FE-9076-3EE9DA79B079}
		{B0462FB1-086A-4FAD-986A-CBEAD7D89EAA} = {ADE624A8-5B1C-47FE-9076-3EE9DA79B079}
	EndGlobalSection
	GlobalSection(ExtensibilityGlobals) = postSolution
		SolutionGuid = {F2C8536C-5E35-447E-8A4C-A3A7A4E37820}
	EndGlobalSection
EndGlobal
